
Microsoft Visual Studio Solution File, Format Version 12.00
# Visual Studio Version 16
VisualStudioVersion = 16.0.29025.244
MinimumVisualStudioVersion = 10.0.40219.1
Project("{FAE04EC0-301F-11D3-BF4B-00C04F79EFBC}") = "CicloFor", "CicloFor\CicloFor.csproj", "{326A1D5F-9ECF-4C2C-B951-01028C0FA37A}"
EndProject
Global
	GlobalSection(SolutionConfigurationPlatforms) = preSolution
		Debug|Any CPU = Debug|Any CPU
		Release|Any CPU = Release|Any CPU
	EndGlobalSection
	GlobalSection(ProjectConfigurationPlatforms) = postSolution
		{326A1D5F-9ECF-4C2C-B951-01028C0FA37A}.Debug|Any CPU.ActiveCfg = Debug|Any CPU
		{326A1D5F-9ECF-4C2C-B951-01028C0FA37A}.Debug|Any CPU.Build.0 = Debug|Any CPU
		{326A1D5F-9ECF-4C2C-B951-01028C0FA37A}.Release|Any CPU.ActiveCfg = Release|Any CPU
		{326A1D5F-9ECF-4C2C-B951-01028C0FA37A}.Release|Any CPU.Build.0 = Release|Any CPU
	EndGlobalSection
	GlobalSection(SolutionProperties) = preSolution
		HideSolutionNode = FALSE
	EndGlobalSection
	GlobalSection(ExtensibilityGlobals) = postSolution
		SolutionGuid = {5E6FCEF1-26E9-4A57-AD29-716D012296CE}
	EndGlobalSection
EndGlobal
